// !$*UTF8*$!
{
	archiveVersion = 1;
	classes = {
	};
	objectVersion = 46;
	objects = {

/* Begin PBXBuildFile section */
		6239E8A22057D092000F4543 /* AppDelegate.swift in Sources */ = {isa = PBXBuildFile; fileRef = 6239E8A12057D092000F4543 /* AppDelegate.swift */; };
		6239E8A72057D092000F4543 /* Main.storyboard in Resources */ = {isa = PBXBuildFile; fileRef = 6239E8A52057D092000F4543 /* Main.storyboard */; };
		6239E8A92057D092000F4543 /* Assets.xcassets in Resources */ = {isa = PBXBuildFile; fileRef = 6239E8A82057D092000F4543 /* Assets.xcassets */; };
		6239E8AC2057D092000F4543 /* LaunchScreen.storyboard in Resources */ = {isa = PBXBuildFile; fileRef = 6239E8AA2057D092000F4543 /* LaunchScreen.storyboard */; };
		6239E8B72057D532000F4543 /* Roboto-Light.ttf in Resources */ = {isa = PBXBuildFile; fileRef = 6239E8B52057D532000F4543 /* Roboto-Light.ttf */; };
		6239E8B82057D532000F4543 /* Roboto-Medium.ttf in Resources */ = {isa = PBXBuildFile; fileRef = 6239E8B62057D532000F4543 /* Roboto-Medium.ttf */; };
		6239E8BB2057D616000F4543 /* BaseViewController.swift in Sources */ = {isa = PBXBuildFile; fileRef = 6239E8BA2057D616000F4543 /* BaseViewController.swift */; };
		6239E8BD2057D72B000F4543 /* SignInViewController.swift in Sources */ = {isa = PBXBuildFile; fileRef = 6239E8BC2057D72B000F4543 /* SignInViewController.swift */; };
		6239E8BF2057DCBB000F4543 /* MainTabBarViewController.swift in Sources */ = {isa = PBXBuildFile; fileRef = 6239E8BE2057DCBB000F4543 /* MainTabBarViewController.swift */; };
		6239E8C22057E02A000F4543 /* InboxViewController.swift in Sources */ = {isa = PBXBuildFile; fileRef = 6239E8C12057E02A000F4543 /* InboxViewController.swift */; };
		6239E8C52057E09A000F4543 /* ComposeViewController.swift in Sources */ = {isa = PBXBuildFile; fileRef = 6239E8C42057E09A000F4543 /* ComposeViewController.swift */; };
		6239E8C82057E0DD000F4543 /* AccountViewController.swift in Sources */ = {isa = PBXBuildFile; fileRef = 6239E8C72057E0DD000F4543 /* AccountViewController.swift */; };
		6239E8CA2057E721000F4543 /* MessageCell.swift in Sources */ = {isa = PBXBuildFile; fileRef = 6239E8C92057E721000F4543 /* MessageCell.swift */; };
		A0493CFD43B40FFDBF55625A /* Pods_SecretMessenger.framework in Frameworks */ = {isa = PBXBuildFile; fileRef = 18B8BAA284081544778E7C5C /* Pods_SecretMessenger.framework */; };
/* End PBXBuildFile section */

/* Begin PBXFileReference section */
		18B8BAA284081544778E7C5C /* Pods_SecretMessenger.framework */ = {isa = PBXFileReference; explicitFileType = wrapper.framework; includeInIndex = 0; path = Pods_SecretMessenger.framework; sourceTree = BUILT_PRODUCTS_DIR; };
		6239E89E2057D092000F4543 /* SecretMessenger.app */ = {isa = PBXFileReference; explicitFileType = wrapper.application; includeInIndex = 0; path = SecretMessenger.app; sourceTree = BUILT_PRODUCTS_DIR; };
		6239E8A12057D092000F4543 /* AppDelegate.swift */ = {isa = PBXFileReference; lastKnownFileType = sourcecode.swift; path = AppDelegate.swift; sourceTree = "<group>"; };
		6239E8A62057D092000F4543 /* Base */ = {isa = PBXFileReference; lastKnownFileType = file.storyboard; name = Base; path = Base.lproj/Main.storyboard; sourceTree = "<group>"; };
		6239E8A82057D092000F4543 /* Assets.xcassets */ = {isa = PBXFileReference; lastKnownFileType = folder.assetcatalog; path = Assets.xcassets; sourceTree = "<group>"; };
		6239E8AB2057D092000F4543 /* Base */ = {isa = PBXFileReference; lastKnownFileType = file.storyboard; name = Base; path = Base.lproj/LaunchScreen.storyboard; sourceTree = "<group>"; };
		6239E8AD2057D092000F4543 /* Info.plist */ = {isa = PBXFileReference; lastKnownFileType = text.plist.xml; path = Info.plist; sourceTree = "<group>"; };
		6239E8B52057D532000F4543 /* Roboto-Light.ttf */ = {isa = PBXFileReference; lastKnownFileType = file; path = "Roboto-Light.ttf"; sourceTree = "<group>"; };
		6239E8B62057D532000F4543 /* Roboto-Medium.ttf */ = {isa = PBXFileReference; lastKnownFileType = file; path = "Roboto-Medium.ttf"; sourceTree = "<group>"; };
		6239E8BA2057D616000F4543 /* BaseViewController.swift */ = {isa = PBXFileReference; fileEncoding = 4; lastKnownFileType = sourcecode.swift; path = BaseViewController.swift; sourceTree = "<group>"; };
		6239E8BC2057D72B000F4543 /* SignInViewController.swift */ = {isa = PBXFileReference; fileEncoding = 4; lastKnownFileType = sourcecode.swift; path = SignInViewController.swift; sourceTree = "<group>"; };
		6239E8BE2057DCBB000F4543 /* MainTabBarViewController.swift */ = {isa = PBXFileReference; fileEncoding = 4; lastKnownFileType = sourcecode.swift; path = MainTabBarViewController.swift; sourceTree = "<group>"; };
		6239E8C12057E02A000F4543 /* InboxViewController.swift */ = {isa = PBXFileReference; fileEncoding = 4; lastKnownFileType = sourcecode.swift; path = InboxViewController.swift; sourceTree = "<group>"; };
		6239E8C42057E09A000F4543 /* ComposeViewController.swift */ = {isa = PBXFileReference; fileEncoding = 4; lastKnownFileType = sourcecode.swift; path = ComposeViewController.swift; sourceTree = "<group>"; };
		6239E8C72057E0DD000F4543 /* AccountViewController.swift */ = {isa = PBXFileReference; fileEncoding = 4; lastKnownFileType = sourcecode.swift; path = AccountViewController.swift; sourceTree = "<group>"; };
		6239E8C92057E721000F4543 /* MessageCell.swift */ = {isa = PBXFileReference; fileEncoding = 4; lastKnownFileType = sourcecode.swift; path = MessageCell.swift; sourceTree = "<group>"; };
		8A574CB9A33953954604D3FD /* Pods-SecretMessenger.release.xcconfig */ = {isa = PBXFileReference; includeInIndex = 1; lastKnownFileType = text.xcconfig; name = "Pods-SecretMessenger.release.xcconfig"; path = "Pods/Target Support Files/Pods-SecretMessenger/Pods-SecretMessenger.release.xcconfig"; sourceTree = "<group>"; };
		DF456A4C09A00265AC31A3C0 /* Pods-SecretMessenger.debug.xcconfig */ = {isa = PBXFileReference; includeInIndex = 1; lastKnownFileType = text.xcconfig; name = "Pods-SecretMessenger.debug.xcconfig"; path = "Pods/Target Support Files/Pods-SecretMessenger/Pods-SecretMessenger.debug.xcconfig"; sourceTree = "<group>"; };
/* End PBXFileReference section */

/* Begin PBXFrameworksBuildPhase section */
		6239E89B2057D092000F4543 /* Frameworks */ = {
			isa = PBXFrameworksBuildPhase;
			buildActionMask = 2147483647;
			files = (
				A0493CFD43B40FFDBF55625A /* Pods_SecretMessenger.framework in Frameworks */,
			);
			runOnlyForDeploymentPostprocessing = 0;
		};
/* End PBXFrameworksBuildPhase section */

/* Begin PBXGroup section */
		6239E8952057D092000F4543 = {
			isa = PBXGroup;
			children = (
				6239E8A02057D092000F4543 /* SecretMessenger */,
				6239E89F2057D092000F4543 /* Products */,
				A4C8B083A319B29BEAE20191 /* Pods */,
				9822E6628A81CF60D88A59FE /* Frameworks */,
			);
			sourceTree = "<group>";
		};
		6239E89F2057D092000F4543 /* Products */ = {
			isa = PBXGroup;
			children = (
				6239E89E2057D092000F4543 /* SecretMessenger.app */,
			);
			name = Products;
			sourceTree = "<group>";
		};
		6239E8A02057D092000F4543 /* SecretMessenger */ = {
			isa = PBXGroup;
			children = (
				6239E8B42057D532000F4543 /* custom-assets */,
				6239E8B32057D408000F4543 /* Views */,
				6239E8A12057D092000F4543 /* AppDelegate.swift */,
				6239E8A52057D092000F4543 /* Main.storyboard */,
				6239E8A82057D092000F4543 /* Assets.xcassets */,
				6239E8AA2057D092000F4543 /* LaunchScreen.storyboard */,
				6239E8AD2057D092000F4543 /* Info.plist */,
			);
			path = SecretMessenger;
			sourceTree = "<group>";
		};
		6239E8B32057D408000F4543 /* Views */ = {
			isa = PBXGroup;
			children = (
				6239E8C62057E0D1000F4543 /* Account */,
				6239E8C32057E08E000F4543 /* Compose */,
				6239E8C02057E01F000F4543 /* InBox */,
				6239E8B92057D603000F4543 /* Base */,
				6239E8BC2057D72B000F4543 /* SignInViewController.swift */,
			);
			name = Views;
			sourceTree = "<group>";
		};
		6239E8B42057D532000F4543 /* custom-assets */ = {
			isa = PBXGroup;
			children = (
				6239E8B52057D532000F4543 /* Roboto-Light.ttf */,
				6239E8B62057D532000F4543 /* Roboto-Medium.ttf */,
			);
			path = "custom-assets";
			sourceTree = "<group>";
		};
		6239E8B92057D603000F4543 /* Base */ = {
			isa = PBXGroup;
			children = (
				6239E8BA2057D616000F4543 /* BaseViewController.swift */,
				6239E8BE2057DCBB000F4543 /* MainTabBarViewController.swift */,
			);
			name = Base;
			sourceTree = "<group>";
		};
		6239E8C02057E01F000F4543 /* InBox */ = {
			isa = PBXGroup;
			children = (
				6239E8C12057E02A000F4543 /* InboxViewController.swift */,
				6239E8C92057E721000F4543 /* MessageCell.swift */,
			);
			name = InBox;
			sourceTree = "<group>";
		};
		6239E8C32057E08E000F4543 /* Compose */ = {
			isa = PBXGroup;
			children = (
				6239E8C42057E09A000F4543 /* ComposeViewController.swift */,
			);
			name = Compose;
			sourceTree = "<group>";
		};
		6239E8C62057E0D1000F4543 /* Account */ = {
			isa = PBXGroup;
			children = (
				6239E8C72057E0DD000F4543 /* AccountViewController.swift */,
			);
			name = Account;
			sourceTree = "<group>";
		};
		9822E6628A81CF60D88A59FE /* Frameworks */ = {
			isa = PBXGroup;
			children = (
				18B8BAA284081544778E7C5C /* Pods_SecretMessenger.framework */,
			);
			name = Frameworks;
			sourceTree = "<group>";
		};
		A4C8B083A319B29BEAE20191 /* Pods */ = {
			isa = PBXGroup;
			children = (
				DF456A4C09A00265AC31A3C0 /* Pods-SecretMessenger.debug.xcconfig */,
				8A574CB9A33953954604D3FD /* Pods-SecretMessenger.release.xcconfig */,
			);
			name = Pods;
			sourceTree = "<group>";
		};
/* End PBXGroup section */

/* Begin PBXNativeTarget section */
		6239E89D2057D092000F4543 /* SecretMessenger */ = {
			isa = PBXNativeTarget;
			buildConfigurationList = 6239E8B02057D092000F4543 /* Build configuration list for PBXNativeTarget "SecretMessenger" */;
			buildPhases = (
				46A364B58AC0041E9E406CFA /* [CP] Check Pods Manifest.lock */,
				6239E89A2057D092000F4543 /* Sources */,
				6239E89B2057D092000F4543 /* Frameworks */,
				6239E89C2057D092000F4543 /* Resources */,
				33652B2DCB02D54D582A7DF0 /* [CP] Embed Pods Frameworks */,
				F54EC67C9DB6E0338C43CEB3 /* [CP] Copy Pods Resources */,
			);
			buildRules = (
			);
			dependencies = (
			);
			name = SecretMessenger;
			productName = SecretMessenger;
			productReference = 6239E89E2057D092000F4543 /* SecretMessenger.app */;
			productType = "com.apple.product-type.application";
		};
/* End PBXNativeTarget section */

/* Begin PBXProject section */
		6239E8962057D092000F4543 /* Project object */ = {
			isa = PBXProject;
			attributes = {
				LastSwiftUpdateCheck = 0830;
				LastUpgradeCheck = 0830;
				ORGANIZATIONNAME = "Tran Vu Hung";
				TargetAttributes = {
					6239E89D2057D092000F4543 = {
						CreatedOnToolsVersion = 8.3.3;
						DevelopmentTeam = 9A3WJ4UXW8;
						ProvisioningStyle = Automatic;
					};
				};
			};
			buildConfigurationList = 6239E8992057D092000F4543 /* Build configuration list for PBXProject "SecretMessenger" */;
			compatibilityVersion = "Xcode 3.2";
			developmentRegion = English;
			hasScannedForEncodings = 0;
			knownRegions = (
				en,
				Base,
			);
			mainGroup = 6239E8952057D092000F4543;
			productRefGroup = 6239E89F2057D092000F4543 /* Products */;
			projectDirPath = "";
			projectRoot = "";
			targets = (
				6239E89D2057D092000F4543 /* SecretMessenger */,
			);
		};
/* End PBXProject section */

/* Begin PBXResourcesBuildPhase section */
		6239E89C2057D092000F4543 /* Resources */ = {
			isa = PBXResourcesBuildPhase;
			buildActionMask = 2147483647;
			files = (
				6239E8B82057D532000F4543 /* Roboto-Medium.ttf in Resources */,
				6239E8AC2057D092000F4543 /* LaunchScreen.storyboard in Resources */,
				6239E8A92057D092000F4543 /* Assets.xcassets in Resources */,
				6239E8B72057D532000F4543 /* Roboto-Light.ttf in Resources */,
				6239E8A72057D092000F4543 /* Main.storyboard in Resources */,
			);
			runOnlyForDeploymentPostprocessing = 0;
		};
/* End PBXResourcesBuildPhase section */

/* Begin PBXShellScriptBuildPhase section */
		33652B2DCB02D54D582A7DF0 /* [CP] Embed Pods Frameworks */ = {
			isa = PBXShellScriptBuildPhase;
			buildActionMask = 2147483647;
			files = (
			);
			inputPaths = (
				"${SRCROOT}/Pods/Target Support Files/Pods-SecretMessenger/Pods-SecretMessenger-frameworks.sh",
				"${BUILT_PRODUCTS_DIR}/Alamofire/Alamofire.framework",
				"${BUILT_PRODUCTS_DIR}/AlamofireImage/AlamofireImage.framework",
				"${BUILT_PRODUCTS_DIR}/Bolts/Bolts.framework",
				"${BUILT_PRODUCTS_DIR}/CryptoSwift/CryptoSwift.framework",
				"${BUILT_PRODUCTS_DIR}/DGElasticPullToRefresh_CanStartLoading/DGElasticPullToRefresh_CanStartLoading.framework",
				"${BUILT_PRODUCTS_DIR}/FBSDKCoreKit/FBSDKCoreKit.framework",
				"${BUILT_PRODUCTS_DIR}/FBSDKLoginKit/FBSDKLoginKit.framework",
				"${BUILT_PRODUCTS_DIR}/GTMOAuth2/GTMOAuth2.framework",
				"${BUILT_PRODUCTS_DIR}/GTMSessionFetcher/GTMSessionFetcher.framework",
				"${BUILT_PRODUCTS_DIR}/GoogleToolboxForMac/GoogleToolboxForMac.framework",
				"${BUILT_PRODUCTS_DIR}/JLToast/JLToast.framework",
				"${BUILT_PRODUCTS_DIR}/KRActivityIndicatorView/KRActivityIndicatorView.framework",
				"${BUILT_PRODUCTS_DIR}/KRProgressHUD/KRProgressHUD.framework",
				"${BUILT_PRODUCTS_DIR}/ObjectMapper/ObjectMapper.framework",
				"${BUILT_PRODUCTS_DIR}/leveldb-library/leveldb.framework",
				"${BUILT_PRODUCTS_DIR}/nanopb/nanopb.framework",
			);
			name = "[CP] Embed Pods Frameworks";
			outputPaths = (
				"${TARGET_BUILD_DIR}/${FRAMEWORKS_FOLDER_PATH}/Alamofire.framework",
				"${TARGET_BUILD_DIR}/${FRAMEWORKS_FOLDER_PATH}/AlamofireImage.framework",
				"${TARGET_BUILD_DIR}/${FRAMEWORKS_FOLDER_PATH}/Bolts.framework",
				"${TARGET_BUILD_DIR}/${FRAMEWORKS_FOLDER_PATH}/CryptoSwift.framework",
				"${TARGET_BUILD_DIR}/${FRAMEWORKS_FOLDER_PATH}/DGElasticPullToRefresh_CanStartLoading.framework",
				"${TARGET_BUILD_DIR}/${FRAMEWORKS_FOLDER_PATH}/FBSDKCoreKit.framework",
				"${TARGET_BUILD_DIR}/${FRAMEWORKS_FOLDER_PATH}/FBSDKLoginKit.framework",
				"${TARGET_BUILD_DIR}/${FRAMEWORKS_FOLDER_PATH}/GTMOAuth2.framework",
				"${TARGET_BUILD_DIR}/${FRAMEWORKS_FOLDER_PATH}/GTMSessionFetcher.framework",
				"${TARGET_BUILD_DIR}/${FRAMEWORKS_FOLDER_PATH}/GoogleToolboxForMac.framework",
				"${TARGET_BUILD_DIR}/${FRAMEWORKS_FOLDER_PATH}/JLToast.framework",
				"${TARGET_BUILD_DIR}/${FRAMEWORKS_FOLDER_PATH}/KRActivityIndicatorView.framework",
				"${TARGET_BUILD_DIR}/${FRAMEWORKS_FOLDER_PATH}/KRProgressHUD.framework",
				"${TARGET_BUILD_DIR}/${FRAMEWORKS_FOLDER_PATH}/ObjectMapper.framework",
				"${TARGET_BUILD_DIR}/${FRAMEWORKS_FOLDER_PATH}/leveldb.framework",
				"${TARGET_BUILD_DIR}/${FRAMEWORKS_FOLDER_PATH}/nanopb.framework",
			);
			runOnlyForDeploymentPostprocessing = 0;
			shellPath = /bin/sh;
			shellScript = "\"${SRCROOT}/Pods/Target Support Files/Pods-SecretMessenger/Pods-SecretMessenger-frameworks.sh\"\n";
			showEnvVarsInLog = 0;
		};
		46A364B58AC0041E9E406CFA /* [CP] Check Pods Manifest.lock */ = {
			isa = PBXShellScriptBuildPhase;
			buildActionMask = 2147483647;
			files = (
			);
			inputPaths = (
				"${PODS_PODFILE_DIR_PATH}/Podfile.lock",
				"${PODS_ROOT}/Manifest.lock",
			);
			name = "[CP] Check Pods Manifest.lock";
			outputPaths = (
				"$(DERIVED_FILE_DIR)/Pods-SecretMessenger-checkManifestLockResult.txt",
			);
			runOnlyForDeploymentPostprocessing = 0;
			shellPath = /bin/sh;
			shellScript = "diff \"${PODS_PODFILE_DIR_PATH}/Podfile.lock\" \"${PODS_ROOT}/Manifest.lock\" > /dev/null\nif [ $? != 0 ] ; then\n    # print error to STDERR\n    echo \"error: The sandbox is not in sync with the Podfile.lock. Run 'pod install' or update your CocoaPods installation.\" >&2\n    exit 1\nfi\n# This output is used by Xcode 'outputs' to avoid re-running this script phase.\necho \"SUCCESS\" > \"${SCRIPT_OUTPUT_FILE_0}\"\n";
			showEnvVarsInLog = 0;
		};
		F54EC67C9DB6E0338C43CEB3 /* [CP] Copy Pods Resources */ = {
			isa = PBXShellScriptBuildPhase;
			buildActionMask = 2147483647;
			files = (
			);
			inputPaths = (
				"${SRCROOT}/Pods/Target Support Files/Pods-SecretMessenger/Pods-SecretMessenger-resources.sh",
				"${PODS_ROOT}/GoogleSignIn/Resources/GoogleSignIn.bundle",
			);
			name = "[CP] Copy Pods Resources";
			outputPaths = (
				"${TARGET_BUILD_DIR}/${UNLOCALIZED_RESOURCES_FOLDER_PATH}/GoogleSignIn.bundle",
			);
			runOnlyForDeploymentPostprocessing = 0;
			shellPath = /bin/sh;
			shellScript = "\"${SRCROOT}/Pods/Target Support Files/Pods-SecretMessenger/Pods-SecretMessenger-resources.sh\"\n";
			showEnvVarsInLog = 0;
		};
/* End PBXShellScriptBuildPhase section */

/* Begin PBXSourcesBuildPhase section */
		6239E89A2057D092000F4543 /* Sources */ = {
			isa = PBXSourcesBuildPhase;
			buildActionMask = 2147483647;
			files = (
				6239E8C22057E02A000F4543 /* InboxViewController.swift in Sources */,
				6239E8CA2057E721000F4543 /* MessageCell.swift in Sources */,
				6239E8BF2057DCBB000F4543 /* MainTabBarViewController.swift in Sources */,
				6239E8C82057E0DD000F4543 /* AccountViewController.swift in Sources */,
				6239E8BD2057D72B000F4543 /* SignInViewController.swift in Sources */,
				6239E8C52057E09A000F4543 /* ComposeViewController.swift in Sources */,
				6239E8A22057D092000F4543 /* AppDelegate.swift in Sources */,
				6239E8BB2057D616000F4543 /* BaseViewController.swift in Sources */,
			);
			runOnlyForDeploymentPostprocessing = 0;
		};
/* End PBXSourcesBuildPhase section */

/* Begin PBXVariantGroup section */
		6239E8A52057D092000F4543 /* Main.storyboard */ = {
			isa = PBXVariantGroup;
			children = (
				6239E8A62057D092000F4543 /* Base */,
			);
			name = Main.storyboard;
			sourceTree = "<group>";
		};
		6239E8AA2057D092000F4543 /* LaunchScreen.storyboard */ = {
			isa = PBXVariantGroup;
			children = (
				6239E8AB2057D092000F4543 /* Base */,
			);
			name = LaunchScreen.storyboard;
			sourceTree = "<group>";
		};
/* End PBXVariantGroup section */

/* Begin XCBuildConfiguration section */
		6239E8AE2057D092000F4543 /* Debug */ = {
			isa = XCBuildConfiguration;
			buildSettings = {
				ALWAYS_SEARCH_USER_PATHS = NO;
				CLANG_ANALYZER_NONNULL = YES;
				CLANG_ANALYZER_NUMBER_OBJECT_CONVERSION = YES_AGGRESSIVE;
				CLANG_CXX_LANGUAGE_STANDARD = "gnu++0x";
				CLANG_CXX_LIBRARY = "libc++";
				CLANG_ENABLE_MODULES = YES;
				CLANG_ENABLE_OBJC_ARC = YES;
				CLANG_WARN_BOOL_CONVERSION = YES;
				CLANG_WARN_CONSTANT_CONVERSION = YES;
				CLANG_WARN_DIRECT_OBJC_ISA_USAGE = YES_ERROR;
				CLANG_WARN_DOCUMENTATION_COMMENTS = YES;
				CLANG_WARN_EMPTY_BODY = YES;
				CLANG_WARN_ENUM_CONVERSION = YES;
				CLANG_WARN_INFINITE_RECURSION = YES;
				CLANG_WARN_INT_CONVERSION = YES;
				CLANG_WARN_OBJC_ROOT_CLASS = YES_ERROR;
				CLANG_WARN_SUSPICIOUS_MOVE = YES;
				CLANG_WARN_UNREACHABLE_CODE = YES;
				CLANG_WARN__DUPLICATE_METHOD_MATCH = YES;
				"CODE_SIGN_IDENTITY[sdk=iphoneos*]" = "iPhone Developer";
				COPY_PHASE_STRIP = NO;
				DEBUG_INFORMATION_FORMAT = dwarf;
				ENABLE_STRICT_OBJC_MSGSEND = YES;
				ENABLE_TESTABILITY = YES;
				GCC_C_LANGUAGE_STANDARD = gnu99;
				GCC_DYNAMIC_NO_PIC = NO;
				GCC_NO_COMMON_BLOCKS = YES;
				GCC_OPTIMIZATION_LEVEL = 0;
				GCC_PREPROCESSOR_DEFINITIONS = (
					"DEBUG=1",
					"$(inherited)",
				);
				GCC_WARN_64_TO_32_BIT_CONVERSION = YES;
				GCC_WARN_ABOUT_RETURN_TYPE = YES_ERROR;
				GCC_WARN_UNDECLARED_SELECTOR = YES;
				GCC_WARN_UNINITIALIZED_AUTOS = YES_AGGRESSIVE;
				GCC_WARN_UNUSED_FUNCTION = YES;
				GCC_WARN_UNUSED_VARIABLE = YES;
				IPHONEOS_DEPLOYMENT_TARGET = 10.3;
				MTL_ENABLE_DEBUG_INFO = YES;
				ONLY_ACTIVE_ARCH = YES;
				SDKROOT = iphoneos;
				SWIFT_ACTIVE_COMPILATION_CONDITIONS = DEBUG;
				SWIFT_OPTIMIZATION_LEVEL = "-Onone";
			};
			name = Debug;
		};
		6239E8AF2057D092000F4543 /* Release */ = {
			isa = XCBuildConfiguration;
			buildSettings = {
				ALWAYS_SEARCH_USER_PATHS = NO;
				CLANG_ANALYZER_NONNULL = YES;
				CLANG_ANALYZER_NUMBER_OBJECT_CONVERSION = YES_AGGRESSIVE;
				CLANG_CXX_LANGUAGE_STANDARD = "gnu++0x";
				CLANG_CXX_LIBRARY = "libc++";
				CLANG_ENABLE_MODULES = YES;
				CLANG_ENABLE_OBJC_ARC = YES;
				CLANG_WARN_BOOL_CONVERSION = YES;
				CLANG_WARN_CONSTANT_CONVERSION = YES;
				CLANG_WARN_DIRECT_OBJC_ISA_USAGE = YES_ERROR;
				CLANG_WARN_DOCUMENTATION_COMMENTS = YES;
				CLANG_WARN_EMPTY_BODY = YES;
				CLANG_WARN_ENUM_CONVERSION = YES;
				CLANG_WARN_INFINITE_RECURSION = YES;
				CLANG_WARN_INT_CONVERSION = YES;
				CLANG_WARN_OBJC_ROOT_CLASS = YES_ERROR;
				CLANG_WARN_SUSPICIOUS_MOVE = YES;
				CLANG_WARN_UNREACHABLE_CODE = YES;
				CLANG_WARN__DUPLICATE_METHOD_MATCH = YES;
				"CODE_SIGN_IDENTITY[sdk=iphoneos*]" = "iPhone Developer";
				COPY_PHASE_STRIP = NO;
				DEBUG_INFORMATION_FORMAT = "dwarf-with-dsym";
				ENABLE_NS_ASSERTIONS = NO;
				ENABLE_STRICT_OBJC_MSGSEND = YES;
				GCC_C_LANGUAGE_STANDARD = gnu99;
				GCC_NO_COMMON_BLOCKS = YES;
				GCC_WARN_64_TO_32_BIT_CONVERSION = YES;
				GCC_WARN_ABOUT_RETURN_TYPE = YES_ERROR;
				GCC_WARN_UNDECLARED_SELECTOR = YES;
				GCC_WARN_UNINITIALIZED_AUTOS = YES_AGGRESSIVE;
				GCC_WARN_UNUSED_FUNCTION = YES;
				GCC_WARN_UNUSED_VARIABLE = YES;
				IPHONEOS_DEPLOYMENT_TARGET = 10.3;
				MTL_ENABLE_DEBUG_INFO = NO;
				SDKROOT = iphoneos;
				SWIFT_OPTIMIZATION_LEVEL = "-Owholemodule";
				VALIDATE_PRODUCT = YES;
			};
			name = Release;
		};
		6239E8B12057D092000F4543 /* Debug */ = {
			isa = XCBuildConfiguration;
			baseConfigurationReference = DF456A4C09A00265AC31A3C0 /* Pods-SecretMessenger.debug.xcconfig */;
			buildSettings = {
				ASSETCATALOG_COMPILER_APPICON_NAME = AppIcon;
				DEVELOPMENT_TEAM = 9A3WJ4UXW8;
				INFOPLIST_FILE = SecretMessenger/Info.plist;
				LD_RUNPATH_SEARCH_PATHS = "$(inherited) @executable_path/Frameworks";
				PRODUCT_BUNDLE_IDENTIFIER = com.tranvuhung.SecretMessenger;
				PRODUCT_NAME = "$(TARGET_NAME)";
				SWIFT_VERSION = 3.0;
			};
			name = Debug;
		};
		6239E8B22057D092000F4543 /* Release */ = {
			isa = XCBuildConfiguration;
			baseConfigurationReference = 8A574CB9A33953954604D3FD /* Pods-SecretMessenger.release.xcconfig */;
			buildSettings = {
				ASSETCATALOG_COMPILER_APPICON_NAME = AppIcon;
				DEVELOPMENT_TEAM = 9A3WJ4UXW8;
				INFOPLIST_FILE = SecretMessenger/Info.plist;
				LD_RUNPATH_SEARCH_PATHS = "$(inherited) @executable_path/Frameworks";
				PRODUCT_BUNDLE_IDENTIFIER = com.tranvuhung.SecretMessenger;
				PRODUCT_NAME = "$(TARGET_NAME)";
				SWIFT_VERSION = 3.0;
			};
			name = Release;
		};
/* End XCBuildConfiguration section */

/* Begin XCConfigurationList section */
		6239E8992057D092000F4543 /* Build configuration list for PBXProject "SecretMessenger" */ = {
			isa = XCConfigurationList;
			buildConfigurations = (
				6239E8AE2057D092000F4543 /* Debug */,
				6239E8AF2057D092000F4543 /* Release */,
			);
			defaultConfigurationIsVisible = 0;
			defaultConfigurationName = Release;
		};
		6239E8B02057D092000F4543 /* Build configuration list for PBXNativeTarget "SecretMessenger" */ = {
			isa = XCConfigurationList;
			buildConfigurations = (
				6239E8B12057D092000F4543 /* Debug */,
				6239E8B22057D092000F4543 /* Release */,
			);
			defaultConfigurationIsVisible = 0;
		};
/* End XCConfigurationList section */
	};
	rootObject = 6239E8962057D092000F4543 /* Project object */;
}
